
Microsoft Visual Studio Solution File, Format Version 12.00
# Visual Studio Version 17
VisualStudioVersion = 17.5.33516.290
MinimumVisualStudioVersion = 10.0.40219.1
Project("{FAE04EC0-301F-11D3-BF4B-00C04F79EFBC}") = "Cine", "ConsoleApp1\Cine.csproj", "{8B9D32F7-1AE1-4059-85D0-477DE346BAB3}"
	ProjectSection(ProjectDependencies) = postProject
		{027FD740-7FDA-48EE-956F-C74709A6DC73} = {027FD740-7FDA-48EE-956F-C74709A6DC73}
	EndProjectSection
EndProject
Project("{FAE04EC0-301F-11D3-BF4B-00C04F79EFBC}") = "Application", "Application\Application.csproj", "{2C65CD5C-E134-476A-B7B7-00E87AE12CCE}"
EndProject
Project("{FAE04EC0-301F-11D3-BF4B-00C04F79EFBC}") = "Domain", "Domain\Domain.csproj", "{23E2C6F2-04C1-45C4-A476-52B0A17E54DF}"
EndProject
Project("{FAE04EC0-301F-11D3-BF4B-00C04F79EFBC}") = "Infraestructure", "Infraestructure\Infraestructure.csproj", "{027FD740-7FDA-48EE-956F-C74709A6DC73}"
	ProjectSection(ProjectDependencies) = postProject
		{2C65CD5C-E134-476A-B7B7-00E87AE12CCE} = {2C65CD5C-E134-476A-B7B7-00E87AE12CCE}
	EndProjectSection
EndProject
Global
	GlobalSection(SolutionConfigurationPlatforms) = preSolution
		Debug|Any CPU = Debug|Any CPU
		Release|Any CPU = Release|Any CPU
	EndGlobalSection
	GlobalSection(ProjectConfigurationPlatforms) = postSolution
		{8B9D32F7-1AE1-4059-85D0-477DE346BAB3}.Debug|Any CPU.ActiveCfg = Debug|Any CPU
		{8B9D32F7-1AE1-4059-85D0-477DE346BAB3}.Debug|Any CPU.Build.0 = Debug|Any CPU
		{8B9D32F7-1AE1-4059-85D0-477DE346BAB3}.Release|Any CPU.ActiveCfg = Release|Any CPU
		{8B9D32F7-1AE1-4059-85D0-477DE346BAB3}.Release|Any CPU.Build.0 = Release|Any CPU
		{2C65CD5C-E134-476A-B7B7-00E87AE12CCE}.Debug|Any CPU.ActiveCfg = Debug|Any CPU
		{2C65CD5C-E134-476A-B7B7-00E87AE12CCE}.Debug|Any CPU.Build.0 = Debug|Any CPU
		{2C65CD5C-E134-476A-B7B7-00E87AE12CCE}.Release|Any CPU.ActiveCfg = Release|Any CPU
		{2C65CD5C-E134-476A-B7B7-00E87AE12CCE}.Release|Any CPU.Build.0 = Release|Any CPU
		{23E2C6F2-04C1-45C4-A476-52B0A17E54DF}.Debug|Any CPU.ActiveCfg = Debug|Any CPU
		{23E2C6F2-04C1-45C4-A476-52B0A17E54DF}.Debug|Any CPU.Build.0 = Debug|Any CPU
		{23E2C6F2-04C1-45C4-A476-52B0A17E54DF}.Release|Any CPU.ActiveCfg = Release|Any CPU
		{23E2C6F2-04C1-45C4-A476-52B0A17E54DF}.Release|Any CPU.Build.0 = Release|Any CPU
		{027FD740-7FDA-48EE-956F-C74709A6DC73}.Debug|Any CPU.ActiveCfg = Debug|Any CPU
		{027FD740-7FDA-48EE-956F-C74709A6DC73}.Debug|Any CPU.Build.0 = Debug|Any CPU
		{027FD740-7FDA-48EE-956F-C74709A6DC73}.Release|Any CPU.ActiveCfg = Release|Any CPU
		{027FD740-7FDA-48EE-956F-C74709A6DC73}.Release|Any CPU.Build.0 = Release|Any CPU
	EndGlobalSection
	GlobalSection(SolutionProperties) = preSolution
		HideSolutionNode = FALSE
	EndGlobalSection
	GlobalSection(ExtensibilityGlobals) = postSolution
		SolutionGuid = {6B187E54-3322-442A-9D57-35828A05D116}
	EndGlobalSection
EndGlobal
